
Microsoft Visual Studio Solution File, Format Version 11.00
# Visual Studio 2010
Project("{FAE04EC0-301F-11D3-BF4B-00C04F79EFBC}") = "Smarthouse", "Smarthouse\Smarthouse.csproj", "{6FA7BE2B-7A78-4FE9-AA83-FCDC6BCB6526}"
EndProject
Global
	GlobalSection(SolutionConfigurationPlatforms) = preSolution
		Debug|x86 = Debug|x86
		Release|x86 = Release|x86
	EndGlobalSection
	GlobalSection(ProjectConfigurationPlatforms) = postSolution
		{6FA7BE2B-7A78-4FE9-AA83-FCDC6BCB6526}.Debug|x86.ActiveCfg = Debug|x86
		{6FA7BE2B-7A78-4FE9-AA83-FCDC6BCB6526}.Debug|x86.Build.0 = Debug|x86
		{6FA7BE2B-7A78-4FE9-AA83-FCDC6BCB6526}.Release|x86.ActiveCfg = Release|x86
		{6FA7BE2B-7A78-4FE9-AA83-FCDC6BCB6526}.Release|x86.Build.0 = Release|x86
	EndGlobalSection
	GlobalSection(SolutionProperties) = preSolution
		HideSolutionNode = FALSE
	EndGlobalSection
EndGlobal
